
Microsoft Visual Studio Solution File, Format Version 12.00
# Visual Studio Version 16
VisualStudioVersion = 16.0.31702.278
MinimumVisualStudioVersion = 10.0.40219.1
Project("{FAE04EC0-301F-11D3-BF4B-00C04F79EFBC}") = "ExploreCaliforniaApp", "ExploreCaliforniaApp\ExploreCaliforniaApp.csproj", "{1BF0EA37-5F4B-4B34-870E-3A735F6D44DC}"
EndProject
Global
	GlobalSection(SolutionConfigurationPlatforms) = preSolution
		Debug|Any CPU = Debug|Any CPU
		Release|Any CPU = Release|Any CPU
	EndGlobalSection
	GlobalSection(ProjectConfigurationPlatforms) = postSolution
		{1BF0EA37-5F4B-4B34-870E-3A735F6D44DC}.Debug|Any CPU.ActiveCfg = Release|Any CPU
		{1BF0EA37-5F4B-4B34-870E-3A735F6D44DC}.Debug|Any CPU.Build.0 = Release|Any CPU
		{1BF0EA37-5F4B-4B34-870E-3A735F6D44DC}.Release|Any CPU.ActiveCfg = Debug|Any CPU
		{1BF0EA37-5F4B-4B34-870E-3A735F6D44DC}.Release|Any CPU.Build.0 = Debug|Any CPU
	EndGlobalSection
	GlobalSection(SolutionProperties) = preSolution
		HideSolutionNode = FALSE
	EndGlobalSection
	GlobalSection(ExtensibilityGlobals) = postSolution
		SolutionGuid = {0E6FF90A-D946-4094-A374-F0D107478B0C}
	EndGlobalSection
EndGlobal
